Microsoft Visual Studio Solution File, Format Version 12.00
# Visual Studio 15
VisualStudioVersion = 15.0.27130.2036
MinimumVisualStudioVersion = 15.0.26124.0
Project("{2150E333-8FDC-42A3-9474-1A3956D46DE8}") = "src", "src", "{AA9C11F7-D6E5-4D73-8693-153620062A49}"
EndProject
Project("{9A19103F-16F7-4668-BE54-9A1E7A4F7556}") = "HubSpot.Client", "src\HubSpot.Client\HubSpot.Client.csproj", "{A0D41ADC-2D99-41C7-925A-14AC539E6BEF}"
EndProject
Project("{2150E333-8FDC-42A3-9474-1A3956D46DE8}") = "tests", "tests", "{8F7C07A1-6358-47A2-B669-C2FD20C2FF5C}"
EndProject
Project("{9A19103F-16F7-4668-BE54-9A1E7A4F7556}") = "Tests.HubSpot.Client", "tests\Tests.HubSpot.Client\Tests.HubSpot.Client.csproj", "{72C2606A-743E-4ECE-B6A6-0270CE38EF68}"
EndProject
Project("{2150E333-8FDC-42A3-9474-1A3956D46DE8}") = "Solution Items", "Solution Items", "{DFEF291B-47B1-42DD-93EA-95BE86F56D09}"
	ProjectSection(SolutionItems) = preProject
		.gitignore = .gitignore
		build.cake = build.cake
		LICENSE = LICENSE
		README.md = README.md
	EndProjectSection
EndProject
Project("{9A19103F-16F7-4668-BE54-9A1E7A4F7556}") = "HubSpot", "src\HubSpot\HubSpot.csproj", "{FB7076C1-0D6F-436B-B3D3-B582F29C62A2}"
EndProject
Project("{9A19103F-16F7-4668-BE54-9A1E7A4F7556}") = "Tests.HubSpot", "tests\Tests.HubSpot\Tests.HubSpot.csproj", "{6776684F-4AB5-414F-9FA2-9513561B3A2C}"
EndProject
Project("{9A19103F-16F7-4668-BE54-9A1E7A4F7556}") = "Tests.Integrations", "tests\Tests.Integrations\Tests.Integrations.csproj", "{66823383-742B-4EE9-AF35-FE8ECFE57BBF}"
EndProject
Project("{2150E333-8FDC-42A3-9474-1A3956D46DE8}") = "samples", "samples", "{FC6ECCBD-20FE-4291-89A6-FCEDBCBBDFB1}"
EndProject
Project("{FAE04EC0-301F-11D3-BF4B-00C04F79EFBC}") = "ApiKey", "samples\ApiKey\ApiKey.csproj", "{74224AF1-496A-44B6-903E-AAA19384831A}"
EndProject
Project("{FAE04EC0-301F-11D3-BF4B-00C04F79EFBC}") = "OAuth", "samples\OAuth\OAuth.csproj", "{FE161D22-68C7-4DED-AB19-79EDD9CAE474}"
EndProject
Project("{FAE04EC0-301F-11D3-BF4B-00C04F79EFBC}") = "RawApiKey", "samples\RawApiKey\RawApiKey.csproj", "{42F2713C-4FBB-44B1-B62D-BD60B41C4309}"
EndProject
Project("{FAE04EC0-301F-11D3-BF4B-00C04F79EFBC}") = "RawOAuth", "samples\RawOAuth\RawOAuth.csproj", "{FFE4401C-2AB6-4F87-8A8A-BFAE636E8E26}"
EndProject
Global
	GlobalSection(SolutionConfigurationPlatforms) = preSolution
		Debug|Any CPU = Debug|Any CPU
		Debug|x64 = Debug|x64
		Debug|x86 = Debug|x86
		Release|Any CPU = Release|Any CPU
		Release|x64 = Release|x64
		Release|x86 = Release|x86
	EndGlobalSection
	GlobalSection(ProjectConfigurationPlatforms) = postSolution
		{A0D41ADC-2D99-41C7-925A-14AC539E6BEF}.Debug|Any CPU.ActiveCfg = Debug|Any CPU
		{A0D41ADC-2D99-41C7-925A-14AC539E6BEF}.Debug|Any CPU.Build.0 = Debug|Any CPU
		{A0D41ADC-2D99-41C7-925A-14AC539E6BEF}.Debug|x64.ActiveCfg = Debug|Any CPU
		{A0D41ADC-2D99-41C7-925A-14AC539E6BEF}.Debug|x64.Build.0 = Debug|Any CPU
		{A0D41ADC-2D99-41C7-925A-14AC539E6BEF}.Debug|x86.ActiveCfg = Debug|Any CPU
		{A0D41ADC-2D99-41C7-925A-14AC539E6BEF}.Debug|x86.Build.0 = Debug|Any CPU
		{A0D41ADC-2D99-41C7-925A-14AC539E6BEF}.Release|Any CPU.ActiveCfg = Release|Any CPU
		{A0D41ADC-2D99-41C7-925A-14AC539E6BEF}.Release|Any CPU.Build.0 = Release|Any CPU
		{A0D41ADC-2D99-41C7-925A-14AC539E6BEF}.Release|x64.ActiveCfg = Release|Any CPU
		{A0D41ADC-2D99-41C7-925A-14AC539E6BEF}.Release|x64.Build.0 = Release|Any CPU
		{A0D41ADC-2D99-41C7-925A-14AC539E6BEF}.Release|x86.ActiveCfg = Release|Any CPU
		{A0D41ADC-2D99-41C7-925A-14AC539E6BEF}.Release|x86.Build.0 = Release|Any CPU
		{72C2606A-743E-4ECE-B6A6-0270CE38EF68}.Debug|Any CPU.ActiveCfg = Debug|Any CPU
		{72C2606A-743E-4ECE-B6A6-0270CE38EF68}.Debug|Any CPU.Build.0 = Debug|Any CPU
		{72C2606A-743E-4ECE-B6A6-0270CE38EF68}.Debug|x64.ActiveCfg = Debug|Any CPU
		{72C2606A-743E-4ECE-B6A6-0270CE38EF68}.Debug|x64.Build.0 = Debug|Any CPU
		{72C2606A-743E-4ECE-B6A6-0270CE38EF68}.Debug|x86.ActiveCfg = Debug|Any CPU
		{72C2606A-743E-4ECE-B6A6-0270CE38EF68}.Debug|x86.Build.0 = Debug|Any CPU
		{72C2606A-743E-4ECE-B6A6-0270CE38EF68}.Release|Any CPU.ActiveCfg = Release|Any CPU
		{72C2606A-743E-4ECE-B6A6-0270CE38EF68}.Release|Any CPU.Build.0 = Release|Any CPU
		{72C2606A-743E-4ECE-B6A6-0270CE38EF68}.Release|x64.ActiveCfg = Release|Any CPU
		{72C2606A-743E-4ECE-B6A6-0270CE38EF68}.Release|x64.Build.0 = Release|Any CPU
		{72C2606A-743E-4ECE-B6A6-0270CE38EF68}.Release|x86.ActiveCfg = Release|Any CPU
		{72C2606A-743E-4ECE-B6A6-0270CE38EF68}.Release|x86.Build.0 = Release|Any CPU
		{FB7076C1-0D6F-436B-B3D3-B582F29C62A2}.Debug|Any CPU.ActiveCfg = Debug|Any CPU
		{FB7076C1-0D6F-436B-B3D3-B582F29C62A2}.Debug|Any CPU.Build.0 = Debug|Any CPU
		{FB7076C1-0D6F-436B-B3D3-B582F29C62A2}.Debug|x64.ActiveCfg = Debug|Any CPU
		{FB7076C1-0D6F-436B-B3D3-B582F29C62A2}.Debug|x64.Build.0 = Debug|Any CPU
		{FB7076C1-0D6F-436B-B3D3-B582F29C62A2}.Debug|x86.ActiveCfg = Debug|Any CPU
		{FB7076C1-0D6F-436B-B3D3-B582F29C62A2}.Debug|x86.Build.0 = Debug|Any CPU
		{FB7076C1-0D6F-436B-B3D3-B582F29C62A2}.Release|Any CPU.ActiveCfg = Release|Any CPU
		{FB7076C1-0D6F-436B-B3D3-B582F29C62A2}.Release|Any CPU.Build.0 = Release|Any CPU
		{FB7076C1-0D6F-436B-B3D3-B582F29C62A2}.Release|x64.ActiveCfg = Release|Any CPU
		{FB7076C1-0D6F-436B-B3D3-B582F29C62A2}.Release|x64.Build.0 = Release|Any CPU
		{FB7076C1-0D6F-436B-B3D3-B582F29C62A2}.Release|x86.ActiveCfg = Release|Any CPU
		{FB7076C1-0D6F-436B-B3D3-B582F29C62A2}.Release|x86.Build.0 = Release|Any CPU
		{6776684F-4AB5-414F-9FA2-9513561B3A2C}.Debug|Any CPU.ActiveCfg = Debug|Any CPU
		{6776684F-4AB5-414F-9FA2-9513561B3A2C}.Debug|Any CPU.Build.0 = Debug|Any CPU
		{6776684F-4AB5-414F-9FA2-9513561B3A2C}.Debug|x64.ActiveCfg = Debug|Any CPU
		{6776684F-4AB5-414F-9FA2-9513561B3A2C}.Debug|x64.Build.0 = Debug|Any CPU
		{6776684F-4AB5-414F-9FA2-9513561B3A2C}.Debug|x86.ActiveCfg = Debug|Any CPU
		{6776684F-4AB5-414F-9FA2-9513561B3A2C}.Debug|x86.Build.0 = Debug|Any CPU
		{6776684F-4AB5-414F-9FA2-9513561B3A2C}.Release|Any CPU.ActiveCfg = Release|Any CPU
		{6776684F-4AB5-414F-9FA2-9513561B3A2C}.Release|Any CPU.Build.0 = Release|Any CPU
		{6776684F-4AB5-414F-9FA2-9513561B3A2C}.Release|x64.ActiveCfg = Release|Any CPU
		{6776684F-4AB5-414F-9FA2-9513561B3A2C}.Release|x64.Build.0 = Release|Any CPU
		{6776684F-4AB5-414F-9FA2-9513561B3A2C}.Release|x86.ActiveCfg = Release|Any CPU
		{6776684F-4AB5-414F-9FA2-9513561B3A2C}.Release|x86.Build.0 = Release|Any CPU
		{66823383-742B-4EE9-AF35-FE8ECFE57BBF}.Debug|Any CPU.ActiveCfg = Debug|Any CPU
		{66823383-742B-4EE9-AF35-FE8ECFE57BBF}.Debug|Any CPU.Build.0 = Debug|Any CPU
		{66823383-742B-4EE9-AF35-FE8ECFE57BBF}.Debug|x64.ActiveCfg = Debug|Any CPU
		{66823383-742B-4EE9-AF35-FE8ECFE57BBF}.Debug|x64.Build.0 = Debug|Any CPU
		{66823383-742B-4EE9-AF35-FE8ECFE57BBF}.Debug|x86.ActiveCfg = Debug|Any CPU
		{66823383-742B-4EE9-AF35-FE8ECFE57BBF}.Debug|x86.Build.0 = Debug|Any CPU
		{66823383-742B-4EE9-AF35-FE8ECFE57BBF}.Release|Any CPU.ActiveCfg = Release|Any CPU
		{66823383-742B-4EE9-AF35-FE8ECFE57BBF}.Release|Any CPU.Build.0 = Release|Any CPU
		{66823383-742B-4EE9-AF35-FE8ECFE57BBF}.Release|x64.ActiveCfg = Release|Any CPU
		{66823383-742B-4EE9-AF35-FE8ECFE57BBF}.Release|x64.Build.0 = Release|Any CPU
		{66823383-742B-4EE9-AF35-FE8ECFE57BBF}.Release|x86.ActiveCfg = Release|Any CPU
		{66823383-742B-4EE9-AF35-FE8ECFE57BBF}.Release|x86.Build.0 = Release|Any CPU
		{74224AF1-496A-44B6-903E-AAA19384831A}.Debug|Any CPU.ActiveCfg = Debug|Any CPU
		{74224AF1-496A-44B6-903E-AAA19384831A}.Debug|Any CPU.Build.0 = Debug|Any CPU
		{74224AF1-496A-44B6-903E-AAA19384831A}.Debug|x64.ActiveCfg = Debug|Any CPU
		{74224AF1-496A-44B6-903E-AAA19384831A}.Debug|x64.Build.0 = Debug|Any CPU
		{74224AF1-496A-44B6-903E-AAA19384831A}.Debug|x86.ActiveCfg = Debug|Any CPU
		{74224AF1-496A-44B6-903E-AAA19384831A}.Debug|x86.Build.0 = Debug|Any CPU
		{74224AF1-496A-44B6-903E-AAA19384831A}.Release|Any CPU.ActiveCfg = Release|Any CPU
		{74224AF1-496A-44B6-903E-AAA19384831A}.Release|Any CPU.Build.0 = Release|Any CPU
		{74224AF1-496A-44B6-903E-AAA19384831A}.Release|x64.ActiveCfg = Release|Any CPU
		{74224AF1-496A-44B6-903E-AAA19384831A}.Release|x64.Build.0 = Release|Any CPU
		{74224AF1-496A-44B6-903E-AAA19384831A}.Release|x86.ActiveCfg = Release|Any CPU
		{74224AF1-496A-44B6-903E-AAA19384831A}.Release|x86.Build.0 = Release|Any CPU
		{FE161D22-68C7-4DED-AB19-79EDD9CAE474}.Debug|Any CPU.ActiveCfg = Debug|Any CPU
		{FE161D22-68C7-4DED-AB19-79EDD9CAE474}.Debug|Any CPU.Build.0 = Debug|Any CPU
		{FE161D22-68C7-4DED-AB19-79EDD9CAE474}.Debug|x64.ActiveCfg = Debug|Any CPU
		{FE161D22-68C7-4DED-AB19-79EDD9CAE474}.Debug|x64.Build.0 = Debug|Any CPU
		{FE161D22-68C7-4DED-AB19-79EDD9CAE474}.Debug|x86.ActiveCfg = Debug|Any CPU
		{FE161D22-68C7-4DED-AB19-79EDD9CAE474}.Debug|x86.Build.0 = Debug|Any CPU
		{FE161D22-68C7-4DED-AB19-79EDD9CAE474}.Release|Any CPU.ActiveCfg = Release|Any CPU
		{FE161D22-68C7-4DED-AB19-79EDD9CAE474}.Release|Any CPU.Build.0 = Release|Any CPU
		{FE161D22-68C7-4DED-AB19-79EDD9CAE474}.Release|x64.ActiveCfg = Release|Any CPU
		{FE161D22-68C7-4DED-AB19-79EDD9CAE474}.Release|x64.Build.0 = Release|Any CPU
		{FE161D22-68C7-4DED-AB19-79EDD9CAE474}.Release|x86.ActiveCfg = Release|Any CPU
		{FE161D22-68C7-4DED-AB19-79EDD9CAE474}.Release|x86.Build.0 = Release|Any CPU
		{42F2713C-4FBB-44B1-B62D-BD60B41C4309}.Debug|Any CPU.ActiveCfg = Debug|Any CPU
		{42F2713C-4FBB-44B1-B62D-BD60B41C4309}.Debug|Any CPU.Build.0 = Debug|Any CPU
		{42F2713C-4FBB-44B1-B62D-BD60B41C4309}.Debug|x64.ActiveCfg = Debug|Any CPU
		{42F2713C-4FBB-44B1-B62D-BD60B41C4309}.Debug|x64.Build.0 = Debug|Any CPU
		{42F2713C-4FBB-44B1-B62D-BD60B41C4309}.Debug|x86.ActiveCfg = Debug|Any CPU
		{42F2713C-4FBB-44B1-B62D-BD60B41C4309}.Debug|x86.Build.0 = Debug|Any CPU
		{42F2713C-4FBB-44B1-B62D-BD60B41C4309}.Release|Any CPU.ActiveCfg = Release|Any CPU
		{42F2713C-4FBB-44B1-B62D-BD60B41C4309}.Release|Any CPU.Build.0 = Release|Any CPU
		{42F2713C-4FBB-44B1-B62D-BD60B41C4309}.Release|x64.ActiveCfg = Release|Any CPU
		{42F2713C-4FBB-44B1-B62D-BD60B41C4309}.Release|x64.Build.0 = Release|Any CPU
		{42F2713C-4FBB-44B1-B62D-BD60B41C4309}.Release|x86.ActiveCfg = Release|Any CPU
		{42F2713C-4FBB-44B1-B62D-BD60B41C4309}.Release|x86.Build.0 = Release|Any CPU
		{FFE4401C-2AB6-4F87-8A8A-BFAE636E8E26}.Debug|Any CPU.ActiveCfg = Debug|Any CPU
		{FFE4401C-2AB6-4F87-8A8A-BFAE636E8E26}.Debug|Any CPU.Build.0 = Debug|Any CPU
		{FFE4401C-2AB6-4F87-8A8A-BFAE636E8E26}.Debug|x64.ActiveCfg = Debug|Any CPU
		{FFE4401C-2AB6-4F87-8A8A-BFAE636E8E26}.Debug|x64.Build.0 = Debug|Any CPU
		{FFE4401C-2AB6-4F87-8A8A-BFAE636E8E26}.Debug|x86.ActiveCfg = Debug|Any CPU
		{FFE4401C-2AB6-4F87-8A8A-BFAE636E8E26}.Debug|x86.Build.0 = Debug|Any CPU
		{FFE4401C-2AB6-4F87-8A8A-BFAE636E8E26}.Release|Any CPU.ActiveCfg = Release|Any CPU
		{FFE4401C-2AB6-4F87-8A8A-BFAE636E8E26}.Release|Any CPU.Build.0 = Release|Any CPU
		{FFE4401C-2AB6-4F87-8A8A-BFAE636E8E26}.Release|x64.ActiveCfg = Release|Any CPU
		{FFE4401C-2AB6-4F87-8A8A-BFAE636E8E26}.Release|x64.Build.0 = Release|Any CPU
		{FFE4401C-2AB6-4F87-8A8A-BFAE636E8E26}.Release|x86.ActiveCfg = Release|Any CPU
		{FFE4401C-2AB6-4F87-8A8A-BFAE636E8E26}.Release|x86.Build.0 = Release|Any CPU
	EndGlobalSection
	GlobalSection(SolutionProperties) = preSolution
		HideSolutionNode = FALSE
	EndGlobalSection
	GlobalSection(NestedProjects) = preSolution
		{A0D41ADC-2D99-41C7-925A-14AC539E6BEF} = {AA9C11F7-D6E5-4D73-8693-153620062A49}
		{72C2606A-743E-4ECE-B6A6-0270CE38EF68} = {8F7C07A1-6358-47A2-B669-C2FD20C2FF5C}
		{FB7076C1-0D6F-436B-B3D3-B582F29C62A2} = {AA9C11F7-D6E5-4D73-8693-153620062A49}
		{6776684F-4AB5-414F-9FA2-9513561B3A2C} = {8F7C07A1-6358-47A2-B669-C2FD20C2FF5C}
		{66823383-742B-4EE9-AF35-FE8ECFE57BBF} = {8F7C07A1-6358-47A2-B669-C2FD20C2FF5C}
		{74224AF1-496A-44B6-903E-AAA19384831A} = {FC6ECCBD-20FE-4291-89A6-FCEDBCBBDFB1}
		{FE161D22-68C7-4DED-AB19-79EDD9CAE474} = {FC6ECCBD-20FE-4291-89A6-FCEDBCBBDFB1}
		{42F2713C-4FBB-44B1-B62D-BD60B41C4309} = {FC6ECCBD-20FE-4291-89A6-FCEDBCBBDFB1}
		{FFE4401C-2AB6-4F87-8A8A-BFAE636E8E26} = {FC6ECCBD-20FE-4291-89A6-FCEDBCBBDFB1}
	EndGlobalSection
	GlobalSection(ExtensibilityGlobals) = postSolution
		SolutionGuid = {DBD41D60-E728-4141-BB8C-DE940181157B}
	EndGlobalSection
EndGlobal
