
Microsoft Visual Studio Solution File, Format Version 12.00
# Visual Studio 15
VisualStudioVersion = 15.0.26124.0
MinimumVisualStudioVersion = 15.0.26124.0
Project("{2150E333-8FDC-42A3-9474-1A3956D46DE8}") = "samples", "samples", "{A611C4D5-F3F8-460B-B40B-6421CE83BDFD}"
EndProject
Project("{2150E333-8FDC-42A3-9474-1A3956D46DE8}") = "hubspot", "hubspot", "{14A0C76E-7EC5-4F8F-8BDF-5BAB7BA6BD31}"
EndProject
Project("{FAE04EC0-301F-11D3-BF4B-00C04F79EFBC}") = "ApiKeyAuthentication", "samples\hubspot\ApiKeyAuthentication\ApiKeyAuthentication.csproj", "{F482C98F-3706-40FE-9CC6-FBE01C34B27D}"
EndProject
Project("{FAE04EC0-301F-11D3-BF4B-00C04F79EFBC}") = "OAuthAuthentication", "samples\hubspot\OAuthAuthentication\OAuthAuthentication.csproj", "{4EF4ED1B-5465-4BA1-B5E0-1E06BB126E35}"
EndProject
Project("{2150E333-8FDC-42A3-9474-1A3956D46DE8}") = "hubspot-client", "hubspot-client", "{ECD95D76-F429-4CB1-AD4B-2B0C31857393}"
EndProject
Project("{FAE04EC0-301F-11D3-BF4B-00C04F79EFBC}") = "ApiKeyAuthentication", "samples\hubspot-client\ApiKeyAuthentication\ApiKeyAuthentication.csproj", "{3FF6B7CB-1B44-4BBB-A1BD-FE5E2E7D828D}"
EndProject
Project("{FAE04EC0-301F-11D3-BF4B-00C04F79EFBC}") = "OAuthAuthentication", "samples\hubspot-client\OAuthAuthentication\OAuthAuthentication.csproj", "{152CD484-5EBC-4363-83B7-C6EFD80E9D7C}"
EndProject
Project("{2150E333-8FDC-42A3-9474-1A3956D46DE8}") = "src", "src", "{4FF2AA59-2531-4FBF-81CE-E5CC9AD2AC71}"
EndProject
Project("{FAE04EC0-301F-11D3-BF4B-00C04F79EFBC}") = "HubSpot", "src\HubSpot\HubSpot.csproj", "{85B91BB4-DFD5-4375-90D6-D3568D2EFDE8}"
EndProject
Project("{FAE04EC0-301F-11D3-BF4B-00C04F79EFBC}") = "HubSpot.Client", "src\HubSpot.Client\HubSpot.Client.csproj", "{C10138FB-EE4A-4669-97FC-7BE132545B16}"
EndProject
Project("{2150E333-8FDC-42A3-9474-1A3956D46DE8}") = "tests", "tests", "{93F45711-C865-4146-BE75-B6B35631BD9B}"
EndProject
Project("{FAE04EC0-301F-11D3-BF4B-00C04F79EFBC}") = "Tests.HubSpot", "tests\Tests.HubSpot\Tests.HubSpot.csproj", "{A8BBA06A-DF16-4206-9DAC-20FA9E9019A7}"
EndProject
Project("{FAE04EC0-301F-11D3-BF4B-00C04F79EFBC}") = "Tests.HubSpot.Client", "tests\Tests.HubSpot.Client\Tests.HubSpot.Client.csproj", "{B396A1F6-FB82-45D0-A6FC-A08C001482D2}"
EndProject
Project("{FAE04EC0-301F-11D3-BF4B-00C04F79EFBC}") = "Tests.Integrations", "tests\Tests.Integrations\Tests.Integrations.csproj", "{54D3282E-1F25-4723-B848-FF74792B8AB8}"
EndProject
Global
	GlobalSection(SolutionConfigurationPlatforms) = preSolution
		Debug|Any CPU = Debug|Any CPU
		Debug|x64 = Debug|x64
		Debug|x86 = Debug|x86
		Release|Any CPU = Release|Any CPU
		Release|x64 = Release|x64
		Release|x86 = Release|x86
	EndGlobalSection
	GlobalSection(SolutionProperties) = preSolution
		HideSolutionNode = FALSE
	EndGlobalSection
	GlobalSection(ProjectConfigurationPlatforms) = postSolution
		{F482C98F-3706-40FE-9CC6-FBE01C34B27D}.Debug|Any CPU.ActiveCfg = Debug|Any CPU
		{F482C98F-3706-40FE-9CC6-FBE01C34B27D}.Debug|Any CPU.Build.0 = Debug|Any CPU
		{F482C98F-3706-40FE-9CC6-FBE01C34B27D}.Debug|x64.ActiveCfg = Debug|Any CPU
		{F482C98F-3706-40FE-9CC6-FBE01C34B27D}.Debug|x64.Build.0 = Debug|Any CPU
		{F482C98F-3706-40FE-9CC6-FBE01C34B27D}.Debug|x86.ActiveCfg = Debug|Any CPU
		{F482C98F-3706-40FE-9CC6-FBE01C34B27D}.Debug|x86.Build.0 = Debug|Any CPU
		{F482C98F-3706-40FE-9CC6-FBE01C34B27D}.Release|Any CPU.ActiveCfg = Release|Any CPU
		{F482C98F-3706-40FE-9CC6-FBE01C34B27D}.Release|Any CPU.Build.0 = Release|Any CPU
		{F482C98F-3706-40FE-9CC6-FBE01C34B27D}.Release|x64.ActiveCfg = Release|Any CPU
		{F482C98F-3706-40FE-9CC6-FBE01C34B27D}.Release|x64.Build.0 = Release|Any CPU
		{F482C98F-3706-40FE-9CC6-FBE01C34B27D}.Release|x86.ActiveCfg = Release|Any CPU
		{F482C98F-3706-40FE-9CC6-FBE01C34B27D}.Release|x86.Build.0 = Release|Any CPU
		{4EF4ED1B-5465-4BA1-B5E0-1E06BB126E35}.Debug|Any CPU.ActiveCfg = Debug|Any CPU
		{4EF4ED1B-5465-4BA1-B5E0-1E06BB126E35}.Debug|Any CPU.Build.0 = Debug|Any CPU
		{4EF4ED1B-5465-4BA1-B5E0-1E06BB126E35}.Debug|x64.ActiveCfg = Debug|Any CPU
		{4EF4ED1B-5465-4BA1-B5E0-1E06BB126E35}.Debug|x64.Build.0 = Debug|Any CPU
		{4EF4ED1B-5465-4BA1-B5E0-1E06BB126E35}.Debug|x86.ActiveCfg = Debug|Any CPU
		{4EF4ED1B-5465-4BA1-B5E0-1E06BB126E35}.Debug|x86.Build.0 = Debug|Any CPU
		{4EF4ED1B-5465-4BA1-B5E0-1E06BB126E35}.Release|Any CPU.ActiveCfg = Release|Any CPU
		{4EF4ED1B-5465-4BA1-B5E0-1E06BB126E35}.Release|Any CPU.Build.0 = Release|Any CPU
		{4EF4ED1B-5465-4BA1-B5E0-1E06BB126E35}.Release|x64.ActiveCfg = Release|Any CPU
		{4EF4ED1B-5465-4BA1-B5E0-1E06BB126E35}.Release|x64.Build.0 = Release|Any CPU
		{4EF4ED1B-5465-4BA1-B5E0-1E06BB126E35}.Release|x86.ActiveCfg = Release|Any CPU
		{4EF4ED1B-5465-4BA1-B5E0-1E06BB126E35}.Release|x86.Build.0 = Release|Any CPU
		{3FF6B7CB-1B44-4BBB-A1BD-FE5E2E7D828D}.Debug|Any CPU.ActiveCfg = Debug|Any CPU
		{3FF6B7CB-1B44-4BBB-A1BD-FE5E2E7D828D}.Debug|Any CPU.Build.0 = Debug|Any CPU
		{3FF6B7CB-1B44-4BBB-A1BD-FE5E2E7D828D}.Debug|x64.ActiveCfg = Debug|Any CPU
		{3FF6B7CB-1B44-4BBB-A1BD-FE5E2E7D828D}.Debug|x64.Build.0 = Debug|Any CPU
		{3FF6B7CB-1B44-4BBB-A1BD-FE5E2E7D828D}.Debug|x86.ActiveCfg = Debug|Any CPU
		{3FF6B7CB-1B44-4BBB-A1BD-FE5E2E7D828D}.Debug|x86.Build.0 = Debug|Any CPU
		{3FF6B7CB-1B44-4BBB-A1BD-FE5E2E7D828D}.Release|Any CPU.ActiveCfg = Release|Any CPU
		{3FF6B7CB-1B44-4BBB-A1BD-FE5E2E7D828D}.Release|Any CPU.Build.0 = Release|Any CPU
		{3FF6B7CB-1B44-4BBB-A1BD-FE5E2E7D828D}.Release|x64.ActiveCfg = Release|Any CPU
		{3FF6B7CB-1B44-4BBB-A1BD-FE5E2E7D828D}.Release|x64.Build.0 = Release|Any CPU
		{3FF6B7CB-1B44-4BBB-A1BD-FE5E2E7D828D}.Release|x86.ActiveCfg = Release|Any CPU
		{3FF6B7CB-1B44-4BBB-A1BD-FE5E2E7D828D}.Release|x86.Build.0 = Release|Any CPU
		{152CD484-5EBC-4363-83B7-C6EFD80E9D7C}.Debug|Any CPU.ActiveCfg = Debug|Any CPU
		{152CD484-5EBC-4363-83B7-C6EFD80E9D7C}.Debug|Any CPU.Build.0 = Debug|Any CPU
		{152CD484-5EBC-4363-83B7-C6EFD80E9D7C}.Debug|x64.ActiveCfg = Debug|Any CPU
		{152CD484-5EBC-4363-83B7-C6EFD80E9D7C}.Debug|x64.Build.0 = Debug|Any CPU
		{152CD484-5EBC-4363-83B7-C6EFD80E9D7C}.Debug|x86.ActiveCfg = Debug|Any CPU
		{152CD484-5EBC-4363-83B7-C6EFD80E9D7C}.Debug|x86.Build.0 = Debug|Any CPU
		{152CD484-5EBC-4363-83B7-C6EFD80E9D7C}.Release|Any CPU.ActiveCfg = Release|Any CPU
		{152CD484-5EBC-4363-83B7-C6EFD80E9D7C}.Release|Any CPU.Build.0 = Release|Any CPU
		{152CD484-5EBC-4363-83B7-C6EFD80E9D7C}.Release|x64.ActiveCfg = Release|Any CPU
		{152CD484-5EBC-4363-83B7-C6EFD80E9D7C}.Release|x64.Build.0 = Release|Any CPU
		{152CD484-5EBC-4363-83B7-C6EFD80E9D7C}.Release|x86.ActiveCfg = Release|Any CPU
		{152CD484-5EBC-4363-83B7-C6EFD80E9D7C}.Release|x86.Build.0 = Release|Any CPU
		{85B91BB4-DFD5-4375-90D6-D3568D2EFDE8}.Debug|Any CPU.ActiveCfg = Debug|Any CPU
		{85B91BB4-DFD5-4375-90D6-D3568D2EFDE8}.Debug|Any CPU.Build.0 = Debug|Any CPU
		{85B91BB4-DFD5-4375-90D6-D3568D2EFDE8}.Debug|x64.ActiveCfg = Debug|Any CPU
		{85B91BB4-DFD5-4375-90D6-D3568D2EFDE8}.Debug|x64.Build.0 = Debug|Any CPU
		{85B91BB4-DFD5-4375-90D6-D3568D2EFDE8}.Debug|x86.ActiveCfg = Debug|Any CPU
		{85B91BB4-DFD5-4375-90D6-D3568D2EFDE8}.Debug|x86.Build.0 = Debug|Any CPU
		{85B91BB4-DFD5-4375-90D6-D3568D2EFDE8}.Release|Any CPU.ActiveCfg = Release|Any CPU
		{85B91BB4-DFD5-4375-90D6-D3568D2EFDE8}.Release|Any CPU.Build.0 = Release|Any CPU
		{85B91BB4-DFD5-4375-90D6-D3568D2EFDE8}.Release|x64.ActiveCfg = Release|Any CPU
		{85B91BB4-DFD5-4375-90D6-D3568D2EFDE8}.Release|x64.Build.0 = Release|Any CPU
		{85B91BB4-DFD5-4375-90D6-D3568D2EFDE8}.Release|x86.ActiveCfg = Release|Any CPU
		{85B91BB4-DFD5-4375-90D6-D3568D2EFDE8}.Release|x86.Build.0 = Release|Any CPU
		{C10138FB-EE4A-4669-97FC-7BE132545B16}.Debug|Any CPU.ActiveCfg = Debug|Any CPU
		{C10138FB-EE4A-4669-97FC-7BE132545B16}.Debug|Any CPU.Build.0 = Debug|Any CPU
		{C10138FB-EE4A-4669-97FC-7BE132545B16}.Debug|x64.ActiveCfg = Debug|Any CPU
		{C10138FB-EE4A-4669-97FC-7BE132545B16}.Debug|x64.Build.0 = Debug|Any CPU
		{C10138FB-EE4A-4669-97FC-7BE132545B16}.Debug|x86.ActiveCfg = Debug|Any CPU
		{C10138FB-EE4A-4669-97FC-7BE132545B16}.Debug|x86.Build.0 = Debug|Any CPU
		{C10138FB-EE4A-4669-97FC-7BE132545B16}.Release|Any CPU.ActiveCfg = Release|Any CPU
		{C10138FB-EE4A-4669-97FC-7BE132545B16}.Release|Any CPU.Build.0 = Release|Any CPU
		{C10138FB-EE4A-4669-97FC-7BE132545B16}.Release|x64.ActiveCfg = Release|Any CPU
		{C10138FB-EE4A-4669-97FC-7BE132545B16}.Release|x64.Build.0 = Release|Any CPU
		{C10138FB-EE4A-4669-97FC-7BE132545B16}.Release|x86.ActiveCfg = Release|Any CPU
		{C10138FB-EE4A-4669-97FC-7BE132545B16}.Release|x86.Build.0 = Release|Any CPU
		{A8BBA06A-DF16-4206-9DAC-20FA9E9019A7}.Debug|Any CPU.ActiveCfg = Debug|Any CPU
		{A8BBA06A-DF16-4206-9DAC-20FA9E9019A7}.Debug|Any CPU.Build.0 = Debug|Any CPU
		{A8BBA06A-DF16-4206-9DAC-20FA9E9019A7}.Debug|x64.ActiveCfg = Debug|Any CPU
		{A8BBA06A-DF16-4206-9DAC-20FA9E9019A7}.Debug|x64.Build.0 = Debug|Any CPU
		{A8BBA06A-DF16-4206-9DAC-20FA9E9019A7}.Debug|x86.ActiveCfg = Debug|Any CPU
		{A8BBA06A-DF16-4206-9DAC-20FA9E9019A7}.Debug|x86.Build.0 = Debug|Any CPU
		{A8BBA06A-DF16-4206-9DAC-20FA9E9019A7}.Release|Any CPU.ActiveCfg = Release|Any CPU
		{A8BBA06A-DF16-4206-9DAC-20FA9E9019A7}.Release|Any CPU.Build.0 = Release|Any CPU
		{A8BBA06A-DF16-4206-9DAC-20FA9E9019A7}.Release|x64.ActiveCfg = Release|Any CPU
		{A8BBA06A-DF16-4206-9DAC-20FA9E9019A7}.Release|x64.Build.0 = Release|Any CPU
		{A8BBA06A-DF16-4206-9DAC-20FA9E9019A7}.Release|x86.ActiveCfg = Release|Any CPU
		{A8BBA06A-DF16-4206-9DAC-20FA9E9019A7}.Release|x86.Build.0 = Release|Any CPU
		{B396A1F6-FB82-45D0-A6FC-A08C001482D2}.Debug|Any CPU.ActiveCfg = Debug|Any CPU
		{B396A1F6-FB82-45D0-A6FC-A08C001482D2}.Debug|Any CPU.Build.0 = Debug|Any CPU
		{B396A1F6-FB82-45D0-A6FC-A08C001482D2}.Debug|x64.ActiveCfg = Debug|Any CPU
		{B396A1F6-FB82-45D0-A6FC-A08C001482D2}.Debug|x64.Build.0 = Debug|Any CPU
		{B396A1F6-FB82-45D0-A6FC-A08C001482D2}.Debug|x86.ActiveCfg = Debug|Any CPU
		{B396A1F6-FB82-45D0-A6FC-A08C001482D2}.Debug|x86.Build.0 = Debug|Any CPU
		{B396A1F6-FB82-45D0-A6FC-A08C001482D2}.Release|Any CPU.ActiveCfg = Release|Any CPU
		{B396A1F6-FB82-45D0-A6FC-A08C001482D2}.Release|Any CPU.Build.0 = Release|Any CPU
		{B396A1F6-FB82-45D0-A6FC-A08C001482D2}.Release|x64.ActiveCfg = Release|Any CPU
		{B396A1F6-FB82-45D0-A6FC-A08C001482D2}.Release|x64.Build.0 = Release|Any CPU
		{B396A1F6-FB82-45D0-A6FC-A08C001482D2}.Release|x86.ActiveCfg = Release|Any CPU
		{B396A1F6-FB82-45D0-A6FC-A08C001482D2}.Release|x86.Build.0 = Release|Any CPU
		{54D3282E-1F25-4723-B848-FF74792B8AB8}.Debug|Any CPU.ActiveCfg = Debug|Any CPU
		{54D3282E-1F25-4723-B848-FF74792B8AB8}.Debug|Any CPU.Build.0 = Debug|Any CPU
		{54D3282E-1F25-4723-B848-FF74792B8AB8}.Debug|x64.ActiveCfg = Debug|Any CPU
		{54D3282E-1F25-4723-B848-FF74792B8AB8}.Debug|x64.Build.0 = Debug|Any CPU
		{54D3282E-1F25-4723-B848-FF74792B8AB8}.Debug|x86.ActiveCfg = Debug|Any CPU
		{54D3282E-1F25-4723-B848-FF74792B8AB8}.Debug|x86.Build.0 = Debug|Any CPU
		{54D3282E-1F25-4723-B848-FF74792B8AB8}.Release|Any CPU.ActiveCfg = Release|Any CPU
		{54D3282E-1F25-4723-B848-FF74792B8AB8}.Release|Any CPU.Build.0 = Release|Any CPU
		{54D3282E-1F25-4723-B848-FF74792B8AB8}.Release|x64.ActiveCfg = Release|Any CPU
		{54D3282E-1F25-4723-B848-FF74792B8AB8}.Release|x64.Build.0 = Release|Any CPU
		{54D3282E-1F25-4723-B848-FF74792B8AB8}.Release|x86.ActiveCfg = Release|Any CPU
		{54D3282E-1F25-4723-B848-FF74792B8AB8}.Release|x86.Build.0 = Release|Any CPU
	EndGlobalSection
	GlobalSection(NestedProjects) = preSolution
		{14A0C76E-7EC5-4F8F-8BDF-5BAB7BA6BD31} = {A611C4D5-F3F8-460B-B40B-6421CE83BDFD}
		{F482C98F-3706-40FE-9CC6-FBE01C34B27D} = {14A0C76E-7EC5-4F8F-8BDF-5BAB7BA6BD31}
		{4EF4ED1B-5465-4BA1-B5E0-1E06BB126E35} = {14A0C76E-7EC5-4F8F-8BDF-5BAB7BA6BD31}
		{ECD95D76-F429-4CB1-AD4B-2B0C31857393} = {A611C4D5-F3F8-460B-B40B-6421CE83BDFD}
		{3FF6B7CB-1B44-4BBB-A1BD-FE5E2E7D828D} = {ECD95D76-F429-4CB1-AD4B-2B0C31857393}
		{152CD484-5EBC-4363-83B7-C6EFD80E9D7C} = {ECD95D76-F429-4CB1-AD4B-2B0C31857393}
		{85B91BB4-DFD5-4375-90D6-D3568D2EFDE8} = {4FF2AA59-2531-4FBF-81CE-E5CC9AD2AC71}
		{C10138FB-EE4A-4669-97FC-7BE132545B16} = {4FF2AA59-2531-4FBF-81CE-E5CC9AD2AC71}
		{A8BBA06A-DF16-4206-9DAC-20FA9E9019A7} = {93F45711-C865-4146-BE75-B6B35631BD9B}
		{B396A1F6-FB82-45D0-A6FC-A08C001482D2} = {93F45711-C865-4146-BE75-B6B35631BD9B}
		{54D3282E-1F25-4723-B848-FF74792B8AB8} = {93F45711-C865-4146-BE75-B6B35631BD9B}
	EndGlobalSection
EndGlobal
